
Microsoft Visual Studio Solution File, Format Version 12.00
# Visual Studio Version 16
VisualStudioVersion = 16.0.30517.126
MinimumVisualStudioVersion = 10.0.40219.1
Project("{FAE04EC0-301F-11D3-BF4B-00C04F79EFBC}") = "Greetings", "Greetings\Greetings.csproj", "{8FCF6358-FD3D-4CB6-A66B-C5876A6996DA}"
EndProject
Project("{FAE04EC0-301F-11D3-BF4B-00C04F79EFBC}") = "GreetinsV2", "GreetinsV2\GreetinsV2.csproj", "{6120BD14-C6C8-4C2F-9C9C-A083F34FCB30}"
EndProject
Global
	GlobalSection(SolutionConfigurationPlatforms) = preSolution
		Debug|Any CPU = Debug|Any CPU
		Release|Any CPU = Release|Any CPU
	EndGlobalSection
	GlobalSection(ProjectConfigurationPlatforms) = postSolution
		{8FCF6358-FD3D-4CB6-A66B-C5876A6996DA}.Debug|Any CPU.ActiveCfg = Debug|Any CPU
		{8FCF6358-FD3D-4CB6-A66B-C5876A6996DA}.Debug|Any CPU.Build.0 = Debug|Any CPU
		{8FCF6358-FD3D-4CB6-A66B-C5876A6996DA}.Release|Any CPU.ActiveCfg = Release|Any CPU
		{8FCF6358-FD3D-4CB6-A66B-C5876A6996DA}.Release|Any CPU.Build.0 = Release|Any CPU
		{6120BD14-C6C8-4C2F-9C9C-A083F34FCB30}.Debug|Any CPU.ActiveCfg = Debug|Any CPU
		{6120BD14-C6C8-4C2F-9C9C-A083F34FCB30}.Debug|Any CPU.Build.0 = Debug|Any CPU
		{6120BD14-C6C8-4C2F-9C9C-A083F34FCB30}.Release|Any CPU.ActiveCfg = Release|Any CPU
		{6120BD14-C6C8-4C2F-9C9C-A083F34FCB30}.Release|Any CPU.Build.0 = Release|Any CPU
	EndGlobalSection
	GlobalSection(SolutionProperties) = preSolution
		HideSolutionNode = FALSE
	EndGlobalSection
	GlobalSection(ExtensibilityGlobals) = postSolution
		SolutionGuid = {A9A69527-CD59-4DDD-8D0F-B3DC03400C77}
	EndGlobalSection
EndGlobal
